
Microsoft Visual Studio Solution File, Format Version 12.00
# Visual Studio 14
VisualStudioVersion = 14.0.24720.0
MinimumVisualStudioVersion = 10.0.40219.1
Project("{FAE04EC0-301F-11D3-BF4B-00C04F79EFBC}") = "CalcApp", "Demo08\CalcApp.csproj", "{615781FD-4C0B-442D-8121-390DEFC58EAE}"
EndProject
Project("{FAE04EC0-301F-11D3-BF4B-00C04F79EFBC}") = "CalcAppTests", "CalcAppTests\CalcAppTests.csproj", "{83F5D7B5-AB43-4B81-9AF0-848455419BB2}"
EndProject
Project("{FAE04EC0-301F-11D3-BF4B-00C04F79EFBC}") = "DiceApp", "DiceApp\DiceApp.csproj", "{36F3A045-9A66-4F34-AEBC-99296547D0E3}"
EndProject
Project("{FAE04EC0-301F-11D3-BF4B-00C04F79EFBC}") = "Shoppinglist", "Shoppinglist\Shoppinglist.csproj", "{44930C7A-C57A-4D71-96AF-48EADB16E32D}"
EndProject
Global
	GlobalSection(SolutionConfigurationPlatforms) = preSolution
		Debug|Any CPU = Debug|Any CPU
		Release|Any CPU = Release|Any CPU
	EndGlobalSection
	GlobalSection(ProjectConfigurationPlatforms) = postSolution
		{615781FD-4C0B-442D-8121-390DEFC58EAE}.Debug|Any CPU.ActiveCfg = Debug|Any CPU
		{615781FD-4C0B-442D-8121-390DEFC58EAE}.Debug|Any CPU.Build.0 = Debug|Any CPU
		{615781FD-4C0B-442D-8121-390DEFC58EAE}.Release|Any CPU.ActiveCfg = Release|Any CPU
		{615781FD-4C0B-442D-8121-390DEFC58EAE}.Release|Any CPU.Build.0 = Release|Any CPU
		{83F5D7B5-AB43-4B81-9AF0-848455419BB2}.Debug|Any CPU.ActiveCfg = Debug|Any CPU
		{83F5D7B5-AB43-4B81-9AF0-848455419BB2}.Debug|Any CPU.Build.0 = Debug|Any CPU
		{83F5D7B5-AB43-4B81-9AF0-848455419BB2}.Release|Any CPU.ActiveCfg = Release|Any CPU
		{83F5D7B5-AB43-4B81-9AF0-848455419BB2}.Release|Any CPU.Build.0 = Release|Any CPU
		{36F3A045-9A66-4F34-AEBC-99296547D0E3}.Debug|Any CPU.ActiveCfg = Debug|Any CPU
		{36F3A045-9A66-4F34-AEBC-99296547D0E3}.Debug|Any CPU.Build.0 = Debug|Any CPU
		{36F3A045-9A66-4F34-AEBC-99296547D0E3}.Release|Any CPU.ActiveCfg = Release|Any CPU
		{36F3A045-9A66-4F34-AEBC-99296547D0E3}.Release|Any CPU.Build.0 = Release|Any CPU
		{44930C7A-C57A-4D71-96AF-48EADB16E32D}.Debug|Any CPU.ActiveCfg = Debug|Any CPU
		{44930C7A-C57A-4D71-96AF-48EADB16E32D}.Debug|Any CPU.Build.0 = Debug|Any CPU
		{44930C7A-C57A-4D71-96AF-48EADB16E32D}.Release|Any CPU.ActiveCfg = Release|Any CPU
		{44930C7A-C57A-4D71-96AF-48EADB16E32D}.Release|Any CPU.Build.0 = Release|Any CPU
	EndGlobalSection
	GlobalSection(SolutionProperties) = preSolution
		HideSolutionNode = FALSE
	EndGlobalSection
EndGlobal
